// !$*UTF8*$!
{
	archiveVersion = 1;
	classes = {
	};
	objectVersion = 46;
	objects = {

/* Begin PBXBuildFile section */
		CC41A49C1D3DDEAD0070861D /* AppDelegate.swift in Sources */ = {isa = PBXBuildFile; fileRef = CC41A49B1D3DDEAD0070861D /* AppDelegate.swift */; };
		CC41A49E1D3DDEAD0070861D /* ViewController.swift in Sources */ = {isa = PBXBuildFile; fileRef = CC41A49D1D3DDEAD0070861D /* ViewController.swift */; };
		CC41A4A11D3DDEAD0070861D /* Main.storyboard in Resources */ = {isa = PBXBuildFile; fileRef = CC41A49F1D3DDEAD0070861D /* Main.storyboard */; };
		CC41A4A31D3DDEAD0070861D /* Assets.xcassets in Resources */ = {isa = PBXBuildFile; fileRef = CC41A4A21D3DDEAD0070861D /* Assets.xcassets */; };
		CC41A4A61D3DDEAD0070861D /* LaunchScreen.storyboard in Resources */ = {isa = PBXBuildFile; fileRef = CC41A4A41D3DDEAD0070861D /* LaunchScreen.storyboard */; };
		CC41A4AF1D3DDEC40070861D /* Notes.xcdatamodeld in Sources */ = {isa = PBXBuildFile; fileRef = CC41A4AD1D3DDEC40070861D /* Notes.xcdatamodeld */; };
		CC41A4B11D3DE0B90070861D /* CoreDataManager.swift in Sources */ = {isa = PBXBuildFile; fileRef = CC41A4B01D3DE0B90070861D /* CoreDataManager.swift */; };
		CC41A4B41D3DE1530070861D /* Note+CoreDataProperties.swift in Sources */ = {isa = PBXBuildFile; fileRef = CC41A4B21D3DE1530070861D /* Note+CoreDataProperties.swift */; };
		CC41A4B51D3DE1530070861D /* Note.swift in Sources */ = {isa = PBXBuildFile; fileRef = CC41A4B31D3DE1530070861D /* Note.swift */; };
		CC41A4B71D3DE2630070861D /* AddNoteViewContorller.swift in Sources */ = {isa = PBXBuildFile; fileRef = CC41A4B61D3DE2630070861D /* AddNoteViewContorller.swift */; };
		CCA2D06E1D62153400A4A478 /* NoteViewController.storyboard in Resources */ = {isa = PBXBuildFile; fileRef = CCA2D06C1D62153400A4A478 /* NoteViewController.storyboard */; };
		CCA8EFF61D3F4F9E00A6F5DA /* NoteViewController.swift in Sources */ = {isa = PBXBuildFile; fileRef = CCA8EFF51D3F4F9E00A6F5DA /* NoteViewController.swift */; };
/* End PBXBuildFile section */

/* Begin PBXFileReference section */
		CC41A4981D3DDEAD0070861D /* Notes.app */ = {isa = PBXFileReference; explicitFileType = wrapper.application; includeInIndex = 0; path = Notes.app; sourceTree = BUILT_PRODUCTS_DIR; };
		CC41A49B1D3DDEAD0070861D /* AppDelegate.swift */ = {isa = PBXFileReference; lastKnownFileType = sourcecode.swift; path = AppDelegate.swift; sourceTree = "<group>"; };
		CC41A49D1D3DDEAD0070861D /* ViewController.swift */ = {isa = PBXFileReference; lastKnownFileType = sourcecode.swift; path = ViewController.swift; sourceTree = "<group>"; };
		CC41A4A01D3DDEAD0070861D /* Base */ = {isa = PBXFileReference; lastKnownFileType = file.storyboard; name = Base; path = Base.lproj/Main.storyboard; sourceTree = "<group>"; };
		CC41A4A21D3DDEAD0070861D /* Assets.xcassets */ = {isa = PBXFileReference; lastKnownFileType = folder.assetcatalog; path = Assets.xcassets; sourceTree = "<group>"; };
		CC41A4A51D3DDEAD0070861D /* Base */ = {isa = PBXFileReference; lastKnownFileType = file.storyboard; name = Base; path = Base.lproj/LaunchScreen.storyboard; sourceTree = "<group>"; };
		CC41A4A71D3DDEAD0070861D /* Info.plist */ = {isa = PBXFileReference; lastKnownFileType = text.plist.xml; path = Info.plist; sourceTree = "<group>"; };
		CC41A4AE1D3DDEC40070861D /* Notes.xcdatamodel */ = {isa = PBXFileReference; lastKnownFileType = wrapper.xcdatamodel; path = Notes.xcdatamodel; sourceTree = "<group>"; };
		CC41A4B01D3DE0B90070861D /* CoreDataManager.swift */ = {isa = PBXFileReference; fileEncoding = 4; lastKnownFileType = sourcecode.swift; path = CoreDataManager.swift; sourceTree = "<group>"; };
		CC41A4B21D3DE1530070861D /* Note+CoreDataProperties.swift */ = {isa = PBXFileReference; fileEncoding = 4; lastKnownFileType = sourcecode.swift; path = "Note+CoreDataProperties.swift"; sourceTree = "<group>"; };
		CC41A4B31D3DE1530070861D /* Note.swift */ = {isa = PBXFileReference; fileEncoding = 4; lastKnownFileType = sourcecode.swift; path = Note.swift; sourceTree = "<group>"; };
		CC41A4B61D3DE2630070861D /* AddNoteViewContorller.swift */ = {isa = PBXFileReference; fileEncoding = 4; lastKnownFileType = sourcecode.swift; path = AddNoteViewContorller.swift; sourceTree = "<group>"; };
		CCA2D06D1D62153400A4A478 /* Base */ = {isa = PBXFileReference; lastKnownFileType = file.storyboard; name = Base; path = Base.lproj/NoteViewController.storyboard; sourceTree = "<group>"; };
		CCA8EFF51D3F4F9E00A6F5DA /* NoteViewController.swift */ = {isa = PBXFileReference; fileEncoding = 4; lastKnownFileType = sourcecode.swift; path = NoteViewController.swift; sourceTree = "<group>"; };
/* End PBXFileReference section */

/* Begin PBXFrameworksBuildPhase section */
		CC41A4951D3DDEAD0070861D /* Frameworks */ = {
			isa = PBXFrameworksBuildPhase;
			buildActionMask = 2147483647;
			files = (
			);
			runOnlyForDeploymentPostprocessing = 0;
		};
/* End PBXFrameworksBuildPhase section */

/* Begin PBXGroup section */
		CC41A48F1D3DDEAD0070861D = {
			isa = PBXGroup;
			children = (
				CC41A49A1D3DDEAD0070861D /* Notes */,
				CC41A4991D3DDEAD0070861D /* Products */,
			);
			sourceTree = "<group>";
		};
		CC41A4991D3DDEAD0070861D /* Products */ = {
			isa = PBXGroup;
			children = (
				CC41A4981D3DDEAD0070861D /* Notes.app */,
			);
			name = Products;
			sourceTree = "<group>";
		};
		CC41A49A1D3DDEAD0070861D /* Notes */ = {
			isa = PBXGroup;
			children = (
				CC41A49B1D3DDEAD0070861D /* AppDelegate.swift */,
				CC41A49D1D3DDEAD0070861D /* ViewController.swift */,
				CC41A4B61D3DE2630070861D /* AddNoteViewContorller.swift */,
				CCA8EFF51D3F4F9E00A6F5DA /* NoteViewController.swift */,
				CC41A4B01D3DE0B90070861D /* CoreDataManager.swift */,
				CC41A4B21D3DE1530070861D /* Note+CoreDataProperties.swift */,
				CC41A4B31D3DE1530070861D /* Note.swift */,
				CC41A49F1D3DDEAD0070861D /* Main.storyboard */,
				CCA2D06C1D62153400A4A478 /* NoteViewController.storyboard */,
				CC41A4A21D3DDEAD0070861D /* Assets.xcassets */,
				CC41A4A41D3DDEAD0070861D /* LaunchScreen.storyboard */,
				CC41A4A71D3DDEAD0070861D /* Info.plist */,
				CC41A4AD1D3DDEC40070861D /* Notes.xcdatamodeld */,
			);
			path = Notes;
			sourceTree = "<group>";
		};
/* End PBXGroup section */

/* Begin PBXNativeTarget section */
		CC41A4971D3DDEAD0070861D /* Notes */ = {
			isa = PBXNativeTarget;
			buildConfigurationList = CC41A4AA1D3DDEAD0070861D /* Build configuration list for PBXNativeTarget "Notes" */;
			buildPhases = (
				CC41A4941D3DDEAD0070861D /* Sources */,
				CC41A4951D3DDEAD0070861D /* Frameworks */,
				CC41A4961D3DDEAD0070861D /* Resources */,
			);
			buildRules = (
			);
			dependencies = (
			);
			name = Notes;
			productName = Notes;
			productReference = CC41A4981D3DDEAD0070861D /* Notes.app */;
			productType = "com.apple.product-type.application";
		};
/* End PBXNativeTarget section */

/* Begin PBXProject section */
		CC41A4901D3DDEAD0070861D /* Project object */ = {
			isa = PBXProject;
			attributes = {
				LastSwiftUpdateCheck = 0730;
				LastUpgradeCheck = 0730;
				ORGANIZATIONNAME = Cocoacasts;
				TargetAttributes = {
					CC41A4971D3DDEAD0070861D = {
						CreatedOnToolsVersion = 7.3.1;
					};
				};
			};
			buildConfigurationList = CC41A4931D3DDEAD0070861D /* Build configuration list for PBXProject "Notes" */;
			compatibilityVersion = "Xcode 3.2";
			developmentRegion = English;
			hasScannedForEncodings = 0;
			knownRegions = (
				en,
				Base,
			);
			mainGroup = CC41A48F1D3DDEAD0070861D;
			productRefGroup = CC41A4991D3DDEAD0070861D /* Products */;
			projectDirPath = "";
			projectRoot = "";
			targets = (
				CC41A4971D3DDEAD0070861D /* Notes */,
			);
		};
/* End PBXProject section */

/* Begin PBXResourcesBuildPhase section */
		CC41A4961D3DDEAD0070861D /* Resources */ = {
			isa = PBXResourcesBuildPhase;
			buildActionMask = 2147483647;
			files = (
				CC41A4A61D3DDEAD0070861D /* LaunchScreen.storyboard in Resources */,
				CCA2D06E1D62153400A4A478 /* NoteViewController.storyboard in Resources */,
				CC41A4A31D3DDEAD0070861D /* Assets.xcassets in Resources */,
				CC41A4A11D3DDEAD0070861D /* Main.storyboard in Resources */,
			);
			runOnlyForDeploymentPostprocessing = 0;
		};
/* End PBXResourcesBuildPhase section */

/* Begin PBXSourcesBuildPhase section */
		CC41A4941D3DDEAD0070861D /* Sources */ = {
			isa = PBXSourcesBuildPhase;
			buildActionMask = 2147483647;
			files = (
				CCA8EFF61D3F4F9E00A6F5DA /* NoteViewController.swift in Sources */,
				CC41A49E1D3DDEAD0070861D /* ViewController.swift in Sources */,
				CC41A4AF1D3DDEC40070861D /* Notes.xcdatamodeld in Sources */,
				CC41A4B11D3DE0B90070861D /* CoreDataManager.swift in Sources */,
				CC41A49C1D3DDEAD0070861D /* AppDelegate.swift in Sources */,
				CC41A4B41D3DE1530070861D /* Note+CoreDataProperties.swift in Sources */,
				CC41A4B71D3DE2630070861D /* AddNoteViewContorller.swift in Sources */,
				CC41A4B51D3DE1530070861D /* Note.swift in Sources */,
			);
			runOnlyForDeploymentPostprocessing = 0;
		};
/* End PBXSourcesBuildPhase section */

/* Begin PBXVariantGroup section */
		CC41A49F1D3DDEAD0070861D /* Main.storyboard */ = {
			isa = PBXVariantGroup;
			children = (
				CC41A4A01D3DDEAD0070861D /* Base */,
			);
			name = Main.storyboard;
			sourceTree = "<group>";
		};
		CC41A4A41D3DDEAD0070861D /* LaunchScreen.storyboard */ = {
			isa = PBXVariantGroup;
			children = (
				CC41A4A51D3DDEAD0070861D /* Base */,
			);
			name = LaunchScreen.storyboard;
			sourceTree = "<group>";
		};
		CCA2D06C1D62153400A4A478 /* NoteViewController.storyboard */ = {
			isa = PBXVariantGroup;
			children = (
				CCA2D06D1D62153400A4A478 /* Base */,
			);
			name = NoteViewController.storyboard;
			sourceTree = "<group>";
		};
/* End PBXVariantGroup section */

/* Begin XCBuildConfiguration section */
		CC41A4A81D3DDEAD0070861D /* Debug */ = {
			isa = XCBuildConfiguration;
			buildSettings = {
				ALWAYS_SEARCH_USER_PATHS = NO;
				CLANG_ANALYZER_NONNULL = YES;
				CLANG_CXX_LANGUAGE_STANDARD = "gnu++0x";
				CLANG_CXX_LIBRARY = "libc++";
				CLANG_ENABLE_MODULES = YES;
				CLANG_ENABLE_OBJC_ARC = YES;
				CLANG_WARN_BOOL_CONVERSION = YES;
				CLANG_WARN_CONSTANT_CONVERSION = YES;
				CLANG_WARN_DIRECT_OBJC_ISA_USAGE = YES_ERROR;
				CLANG_WARN_EMPTY_BODY = YES;
				CLANG_WARN_ENUM_CONVERSION = YES;
				CLANG_WARN_INT_CONVERSION = YES;
				CLANG_WARN_OBJC_ROOT_CLASS = YES_ERROR;
				CLANG_WARN_UNREACHABLE_CODE = YES;
				CLANG_WARN__DUPLICATE_METHOD_MATCH = YES;
				"CODE_SIGN_IDENTITY[sdk=iphoneos*]" = "iPhone Developer";
				COPY_PHASE_STRIP = NO;
				DEBUG_INFORMATION_FORMAT = dwarf;
				ENABLE_STRICT_OBJC_MSGSEND = YES;
				ENABLE_TESTABILITY = YES;
				GCC_C_LANGUAGE_STANDARD = gnu99;
				GCC_DYNAMIC_NO_PIC = NO;
				GCC_NO_COMMON_BLOCKS = YES;
				GCC_OPTIMIZATION_LEVEL = 0;
				GCC_PREPROCESSOR_DEFINITIONS = (
					"DEBUG=1",
					"$(inherited)",
				);
				GCC_WARN_64_TO_32_BIT_CONVERSION = YES;
				GCC_WARN_ABOUT_RETURN_TYPE = YES_ERROR;
				GCC_WARN_UNDECLARED_SELECTOR = YES;
				GCC_WARN_UNINITIALIZED_AUTOS = YES_AGGRESSIVE;
				GCC_WARN_UNUSED_FUNCTION = YES;
				GCC_WARN_UNUSED_VARIABLE = YES;
				IPHONEOS_DEPLOYMENT_TARGET = 9.3;
				MTL_ENABLE_DEBUG_INFO = YES;
				ONLY_ACTIVE_ARCH = YES;
				SDKROOT = iphoneos;
				SWIFT_OPTIMIZATION_LEVEL = "-Onone";
				TARGETED_DEVICE_FAMILY = "1,2";
			};
			name = Debug;
		};
		CC41A4A91D3DDEAD0070861D /* Release */ = {
			isa = XCBuildConfiguration;
			buildSettings = {
				ALWAYS_SEARCH_USER_PATHS = NO;
				CLANG_ANALYZER_NONNULL = YES;
				CLANG_CXX_LANGUAGE_STANDARD = "gnu++0x";
				CLANG_CXX_LIBRARY = "libc++";
				CLANG_ENABLE_MODULES = YES;
				CLANG_ENABLE_OBJC_ARC = YES;
				CLANG_WARN_BOOL_CONVERSION = YES;
				CLANG_WARN_CONSTANT_CONVERSION = YES;
				CLANG_WARN_DIRECT_OBJC_ISA_USAGE = YES_ERROR;
				CLANG_WARN_EMPTY_BODY = YES;
				CLANG_WARN_ENUM_CONVERSION = YES;
				CLANG_WARN_INT_CONVERSION = YES;
				CLANG_WARN_OBJC_ROOT_CLASS = YES_ERROR;
				CLANG_WARN_UNREACHABLE_CODE = YES;
				CLANG_WARN__DUPLICATE_METHOD_MATCH = YES;
				"CODE_SIGN_IDENTITY[sdk=iphoneos*]" = "iPhone Developer";
				COPY_PHASE_STRIP = NO;
				DEBUG_INFORMATION_FORMAT = "dwarf-with-dsym";
				ENABLE_NS_ASSERTIONS = NO;
				ENABLE_STRICT_OBJC_MSGSEND = YES;
				GCC_C_LANGUAGE_STANDARD = gnu99;
				GCC_NO_COMMON_BLOCKS = YES;
				GCC_WARN_64_TO_32_BIT_CONVERSION = YES;
				GCC_WARN_ABOUT_RETURN_TYPE = YES_ERROR;
				GCC_WARN_UNDECLARED_SELECTOR = YES;
				GCC_WARN_UNINITIALIZED_AUTOS = YES_AGGRESSIVE;
				GCC_WARN_UNUSED_FUNCTION = YES;
				GCC_WARN_UNUSED_VARIABLE = YES;
				IPHONEOS_DEPLOYMENT_TARGET = 9.3;
				MTL_ENABLE_DEBUG_INFO = NO;
				SDKROOT = iphoneos;
				TARGETED_DEVICE_FAMILY = "1,2";
				VALIDATE_PRODUCT = YES;
			};
			name = Release;
		};
		CC41A4AB1D3DDEAD0070861D /* Debug */ = {
			isa = XCBuildConfiguration;
			buildSettings = {
				ASSETCATALOG_COMPILER_APPICON_NAME = AppIcon;
				INFOPLIST_FILE = Notes/Info.plist;
				LD_RUNPATH_SEARCH_PATHS = "$(inherited) @executable_path/Frameworks";
				PRODUCT_BUNDLE_IDENTIFIER = com.cocoacasts.Notes;
				PRODUCT_NAME = "$(TARGET_NAME)";
			};
			name = Debug;
		};
		CC41A4AC1D3DDEAD0070861D /* Release */ = {
			isa = XCBuildConfiguration;
			buildSettings = {
				ASSETCATALOG_COMPILER_APPICON_NAME = AppIcon;
				INFOPLIST_FILE = Notes/Info.plist;
				LD_RUNPATH_SEARCH_PATHS = "$(inherited) @executable_path/Frameworks";
				PRODUCT_BUNDLE_IDENTIFIER = com.cocoacasts.Notes;
				PRODUCT_NAME = "$(TARGET_NAME)";
			};
			name = Release;
		};
/* End XCBuildConfiguration section */

/* Begin XCConfigurationList section */
		CC41A4931D3DDEAD0070861D /* Build configuration list for PBXProject "Notes" */ = {
			isa = XCConfigurationList;
			buildConfigurations = (
				CC41A4A81D3DDEAD0070861D /* Debug */,
				CC41A4A91D3DDEAD0070861D /* Release */,
			);
			defaultConfigurationIsVisible = 0;
			defaultConfigurationName = Release;
		};
		CC41A4AA1D3DDEAD0070861D /* Build configuration list for PBXNativeTarget "Notes" */ = {
			isa = XCConfigurationList;
			buildConfigurations = (
				CC41A4AB1D3DDEAD0070861D /* Debug */,
				CC41A4AC1D3DDEAD0070861D /* Release */,
			);
			defaultConfigurationIsVisible = 0;
			defaultConfigurationName = Release;
		};
/* End XCConfigurationList section */

/* Begin XCVersionGroup section */
		CC41A4AD1D3DDEC40070861D /* Notes.xcdatamodeld */ = {
			isa = XCVersionGroup;
			children = (
				CC41A4AE1D3DDEC40070861D /* Notes.xcdatamodel */,
			);
			currentVersion = CC41A4AE1D3DDEC40070861D /* Notes.xcdatamodel */;
			path = Notes.xcdatamodeld;
			sourceTree = "<group>";
			versionGroupType = wrapper.xcdatamodel;
		};
/* End XCVersionGroup section */
	};
	rootObject = CC41A4901D3DDEAD0070861D /* Project object */;
}
